
Microsoft Visual Studio Solution File, Format Version 12.00
# Visual Studio Version 17
VisualStudioVersion = 17.9.34723.18
MinimumVisualStudioVersion = 10.0.40219.1
Project("{9A19103F-16F7-4668-BE54-9A1E7A4F7556}") = "TPStudentTracking.Entities", "TPStudentTracking.Entities\TPStudentTracking.Entities.csproj", "{800CDAEA-9FBC-4C1A-985A-3429E7A019C4}"
EndProject
Project("{9A19103F-16F7-4668-BE54-9A1E7A4F7556}") = "TPStudentTracking.Data", "TPStudentTracking.Data\TPStudentTracking.Data.csproj", "{F186F58D-B0B4-467A-873F-23E68D56708B}"
EndProject
Project("{9A19103F-16F7-4668-BE54-9A1E7A4F7556}") = "TPStudentTracking.Bussines", "TPStudentTracking.Bussines\TPStudentTracking.Bussines.csproj", "{408B9EBC-E0F5-49B2-B888-2ED0C7E086F2}"
EndProject
Project("{9A19103F-16F7-4668-BE54-9A1E7A4F7556}") = "TPStudentTracking.WebUI", "TPStudentTracking.WebUI\TPStudentTracking.WebUI.csproj", "{E448D659-F37B-48CF-A5DB-520FD7CD1F62}"
EndProject
Global
	GlobalSection(SolutionConfigurationPlatforms) = preSolution
		Debug|Any CPU = Debug|Any CPU
		Release|Any CPU = Release|Any CPU
	EndGlobalSection
	GlobalSection(ProjectConfigurationPlatforms) = postSolution
		{800CDAEA-9FBC-4C1A-985A-3429E7A019C4}.Debug|Any CPU.ActiveCfg = Debug|Any CPU
		{800CDAEA-9FBC-4C1A-985A-3429E7A019C4}.Debug|Any CPU.Build.0 = Debug|Any CPU
		{800CDAEA-9FBC-4C1A-985A-3429E7A019C4}.Release|Any CPU.ActiveCfg = Release|Any CPU
		{800CDAEA-9FBC-4C1A-985A-3429E7A019C4}.Release|Any CPU.Build.0 = Release|Any CPU
		{F186F58D-B0B4-467A-873F-23E68D56708B}.Debug|Any CPU.ActiveCfg = Debug|Any CPU
		{F186F58D-B0B4-467A-873F-23E68D56708B}.Debug|Any CPU.Build.0 = Debug|Any CPU
		{F186F58D-B0B4-467A-873F-23E68D56708B}.Release|Any CPU.ActiveCfg = Release|Any CPU
		{F186F58D-B0B4-467A-873F-23E68D56708B}.Release|Any CPU.Build.0 = Release|Any CPU
		{408B9EBC-E0F5-49B2-B888-2ED0C7E086F2}.Debug|Any CPU.ActiveCfg = Debug|Any CPU
		{408B9EBC-E0F5-49B2-B888-2ED0C7E086F2}.Debug|Any CPU.Build.0 = Debug|Any CPU
		{408B9EBC-E0F5-49B2-B888-2ED0C7E086F2}.Release|Any CPU.ActiveCfg = Release|Any CPU
		{408B9EBC-E0F5-49B2-B888-2ED0C7E086F2}.Release|Any CPU.Build.0 = Release|Any CPU
		{E448D659-F37B-48CF-A5DB-520FD7CD1F62}.Debug|Any CPU.ActiveCfg = Debug|Any CPU
		{E448D659-F37B-48CF-A5DB-520FD7CD1F62}.Debug|Any CPU.Build.0 = Debug|Any CPU
		{E448D659-F37B-48CF-A5DB-520FD7CD1F62}.Release|Any CPU.ActiveCfg = Release|Any CPU
		{E448D659-F37B-48CF-A5DB-520FD7CD1F62}.Release|Any CPU.Build.0 = Release|Any CPU
	EndGlobalSection
	GlobalSection(SolutionProperties) = preSolution
		HideSolutionNode = FALSE
	EndGlobalSection
	GlobalSection(ExtensibilityGlobals) = postSolution
		SolutionGuid = {3E3F7D6D-BDCF-4EF8-88C5-0404A35516A8}
	EndGlobalSection
EndGlobal
